
Microsoft Visual Studio Solution File, Format Version 12.00
# Visual Studio 15
VisualStudioVersion = 15.0.28307.779
MinimumVisualStudioVersion = 10.0.40219.1
Project("{9A19103F-16F7-4668-BE54-9A1E7A4F7556}") = "Gzip", "Gzip\Gzip.csproj", "{A28345E2-96FC-4DAC-A445-97162FECD370}"
EndProject
Project("{FAE04EC0-301F-11D3-BF4B-00C04F79EFBC}") = "Gzip.Test", "Gzip.Test\Gzip.Test.csproj", "{DA88486D-E9D7-4778-9AE0-A2B76C7BA878}"
EndProject
Global
	GlobalSection(SolutionConfigurationPlatforms) = preSolution
		Debug|Any CPU = Debug|Any CPU
		Release|Any CPU = Release|Any CPU
	EndGlobalSection
	GlobalSection(ProjectConfigurationPlatforms) = postSolution
		{A28345E2-96FC-4DAC-A445-97162FECD370}.Debug|Any CPU.ActiveCfg = Debug|Any CPU
		{A28345E2-96FC-4DAC-A445-97162FECD370}.Debug|Any CPU.Build.0 = Debug|Any CPU
		{A28345E2-96FC-4DAC-A445-97162FECD370}.Release|Any CPU.ActiveCfg = Release|Any CPU
		{A28345E2-96FC-4DAC-A445-97162FECD370}.Release|Any CPU.Build.0 = Release|Any CPU
		{DA88486D-E9D7-4778-9AE0-A2B76C7BA878}.Debug|Any CPU.ActiveCfg = Debug|Any CPU
		{DA88486D-E9D7-4778-9AE0-A2B76C7BA878}.Debug|Any CPU.Build.0 = Debug|Any CPU
		{DA88486D-E9D7-4778-9AE0-A2B76C7BA878}.Release|Any CPU.ActiveCfg = Release|Any CPU
		{DA88486D-E9D7-4778-9AE0-A2B76C7BA878}.Release|Any CPU.Build.0 = Release|Any CPU
	EndGlobalSection
	GlobalSection(SolutionProperties) = preSolution
		HideSolutionNode = FALSE
	EndGlobalSection
	GlobalSection(ExtensibilityGlobals) = postSolution
		SolutionGuid = {99778424-B443-485B-B782-8A5AE4F5C73B}
	EndGlobalSection
EndGlobal
